// !$*UTF8*$!
{
	archiveVersion = 1;
	classes = {
	};
	objectVersion = 56;
	objects = {

/* Begin PBXBuildFile section */
		1A49FE7A2BEBFCD700C57256 /* AppDelegate.swift in Sources */ = {isa = PBXBuildFile; fileRef = 1A49FE792BEBFCD700C57256 /* AppDelegate.swift */; };
		1A49FE7C2BEBFCD700C57256 /* SceneDelegate.swift in Sources */ = {isa = PBXBuildFile; fileRef = 1A49FE7B2BEBFCD700C57256 /* SceneDelegate.swift */; };
		1A49FE7E2BEBFCD700C57256 /* PhotoGalleryViewController.swift in Sources */ = {isa = PBXBuildFile; fileRef = 1A49FE7D2BEBFCD700C57256 /* PhotoGalleryViewController.swift */; };
		1A49FE832BEBFCDB00C57256 /* Assets.xcassets in Resources */ = {isa = PBXBuildFile; fileRef = 1A49FE822BEBFCDB00C57256 /* Assets.xcassets */; };
		1A49FE862BEBFCDB00C57256 /* Base in Resources */ = {isa = PBXBuildFile; fileRef = 1A49FE852BEBFCDB00C57256 /* Base */; };
		1A49FE902BEC010E00C57256 /* ImageDescription.swift in Sources */ = {isa = PBXBuildFile; fileRef = 1A49FE8F2BEC010E00C57256 /* ImageDescription.swift */; };
		1A49FE942BEC013600C57256 /* ImageCell.swift in Sources */ = {isa = PBXBuildFile; fileRef = 1A49FE932BEC013600C57256 /* ImageCell.swift */; };
		1A49FE962BEC022900C57256 /* FullScreenImageViewController.swift in Sources */ = {isa = PBXBuildFile; fileRef = 1A49FE952BEC022900C57256 /* FullScreenImageViewController.swift */; };
		1A49FE9E2BEC484A00C57256 /* PhotoAPIManager.swift in Sources */ = {isa = PBXBuildFile; fileRef = 1A49FE9D2BEC484A00C57256 /* PhotoAPIManager.swift */; };
		1A49FEA12BEC48F700C57256 /* APIService.swift in Sources */ = {isa = PBXBuildFile; fileRef = 1A49FEA02BEC48F700C57256 /* APIService.swift */; };
		1A49FEA42BEC491800C57256 /* UIImageView.swift in Sources */ = {isa = PBXBuildFile; fileRef = 1A49FEA32BEC491800C57256 /* UIImageView.swift */; };
		1A49FEA62BEC4DB800C57256 /* ImageViewModel.swift in Sources */ = {isa = PBXBuildFile; fileRef = 1A49FEA52BEC4DB800C57256 /* ImageViewModel.swift */; };
		1A49FEA82BEC525A00C57256 /* UnsplashResponse.swift in Sources */ = {isa = PBXBuildFile; fileRef = 1A49FEA72BEC525A00C57256 /* UnsplashResponse.swift */; };
		1A49FEB62BECFC7900C57256 /* PhotoGalleryViewModel.swift in Sources */ = {isa = PBXBuildFile; fileRef = 1A49FEB52BECFC7900C57256 /* PhotoGalleryViewModel.swift */; };
		1A49FEB82BECFE6600C57256 /* ImageModel.swift in Sources */ = {isa = PBXBuildFile; fileRef = 1A49FEB72BECFE6600C57256 /* ImageModel.swift */; };
		1A49FEBA2BECFFDC00C57256 /* FullScreenImageViewModel.swift in Sources */ = {isa = PBXBuildFile; fileRef = 1A49FEB92BECFFDC00C57256 /* FullScreenImageViewModel.swift */; };
		1A49FEBC2BED003600C57256 /* SwipeGestureHandler.swift in Sources */ = {isa = PBXBuildFile; fileRef = 1A49FEBB2BED003600C57256 /* SwipeGestureHandler.swift */; };
		1A49FEBF2BED201400C57256 /* ImageItem.swift in Sources */ = {isa = PBXBuildFile; fileRef = 1A49FEBE2BED201400C57256 /* ImageItem.swift */; };
/* End PBXBuildFile section */

/* Begin PBXFileReference section */
		1A49FE762BEBFCD700C57256 /* Unsplash photos.app */ = {isa = PBXFileReference; explicitFileType = wrapper.application; includeInIndex = 0; path = "Unsplash photos.app"; sourceTree = BUILT_PRODUCTS_DIR; };
		1A49FE792BEBFCD700C57256 /* AppDelegate.swift */ = {isa = PBXFileReference; lastKnownFileType = sourcecode.swift; path = AppDelegate.swift; sourceTree = "<group>"; };
		1A49FE7B2BEBFCD700C57256 /* SceneDelegate.swift */ = {isa = PBXFileReference; lastKnownFileType = sourcecode.swift; path = SceneDelegate.swift; sourceTree = "<group>"; };
		1A49FE7D2BEBFCD700C57256 /* PhotoGalleryViewController.swift */ = {isa = PBXFileReference; lastKnownFileType = sourcecode.swift; path = PhotoGalleryViewController.swift; sourceTree = "<group>"; };
		1A49FE822BEBFCDB00C57256 /* Assets.xcassets */ = {isa = PBXFileReference; lastKnownFileType = folder.assetcatalog; path = Assets.xcassets; sourceTree = "<group>"; };
		1A49FE852BEBFCDB00C57256 /* Base */ = {isa = PBXFileReference; lastKnownFileType = file.storyboard; name = Base; path = Base.lproj/LaunchScreen.storyboard; sourceTree = "<group>"; };
		1A49FE872BEBFCDB00C57256 /* Info.plist */ = {isa = PBXFileReference; lastKnownFileType = text.plist.xml; path = Info.plist; sourceTree = "<group>"; };
		1A49FE8F2BEC010E00C57256 /* ImageDescription.swift */ = {isa = PBXFileReference; lastKnownFileType = sourcecode.swift; path = ImageDescription.swift; sourceTree = "<group>"; };
		1A49FE932BEC013600C57256 /* ImageCell.swift */ = {isa = PBXFileReference; lastKnownFileType = sourcecode.swift; path = ImageCell.swift; sourceTree = "<group>"; };
		1A49FE952BEC022900C57256 /* FullScreenImageViewController.swift */ = {isa = PBXFileReference; lastKnownFileType = sourcecode.swift; path = FullScreenImageViewController.swift; sourceTree = "<group>"; };
		1A49FE9D2BEC484A00C57256 /* PhotoAPIManager.swift */ = {isa = PBXFileReference; lastKnownFileType = sourcecode.swift; path = PhotoAPIManager.swift; sourceTree = "<group>"; };
		1A49FEA02BEC48F700C57256 /* APIService.swift */ = {isa = PBXFileReference; lastKnownFileType = sourcecode.swift; path = APIService.swift; sourceTree = "<group>"; };
		1A49FEA32BEC491800C57256 /* UIImageView.swift */ = {isa = PBXFileReference; lastKnownFileType = sourcecode.swift; path = UIImageView.swift; sourceTree = "<group>"; };
		1A49FEA52BEC4DB800C57256 /* ImageViewModel.swift */ = {isa = PBXFileReference; lastKnownFileType = sourcecode.swift; path = ImageViewModel.swift; sourceTree = "<group>"; };
		1A49FEA72BEC525A00C57256 /* UnsplashResponse.swift */ = {isa = PBXFileReference; lastKnownFileType = sourcecode.swift; path = UnsplashResponse.swift; sourceTree = "<group>"; };
		1A49FEB52BECFC7900C57256 /* PhotoGalleryViewModel.swift */ = {isa = PBXFileReference; lastKnownFileType = sourcecode.swift; path = PhotoGalleryViewModel.swift; sourceTree = "<group>"; };
		1A49FEB72BECFE6600C57256 /* ImageModel.swift */ = {isa = PBXFileReference; lastKnownFileType = sourcecode.swift; path = ImageModel.swift; sourceTree = "<group>"; };
		1A49FEB92BECFFDC00C57256 /* FullScreenImageViewModel.swift */ = {isa = PBXFileReference; lastKnownFileType = sourcecode.swift; path = FullScreenImageViewModel.swift; sourceTree = "<group>"; };
		1A49FEBB2BED003600C57256 /* SwipeGestureHandler.swift */ = {isa = PBXFileReference; lastKnownFileType = sourcecode.swift; path = SwipeGestureHandler.swift; sourceTree = "<group>"; };
		1A49FEBE2BED201400C57256 /* ImageItem.swift */ = {isa = PBXFileReference; lastKnownFileType = sourcecode.swift; path = ImageItem.swift; sourceTree = "<group>"; };
/* End PBXFileReference section */

/* Begin PBXFrameworksBuildPhase section */
		1A49FE732BEBFCD700C57256 /* Frameworks */ = {
			isa = PBXFrameworksBuildPhase;
			buildActionMask = 2147483647;
			files = (
			);
			runOnlyForDeploymentPostprocessing = 0;
		};
/* End PBXFrameworksBuildPhase section */

/* Begin PBXGroup section */
		1A49FE6D2BEBFCD700C57256 = {
			isa = PBXGroup;
			children = (
				1A49FE782BEBFCD700C57256 /* Unsplash photos */,
				1A49FE772BEBFCD700C57256 /* Products */,
			);
			sourceTree = "<group>";
		};
		1A49FE772BEBFCD700C57256 /* Products */ = {
			isa = PBXGroup;
			children = (
				1A49FE762BEBFCD700C57256 /* Unsplash photos.app */,
			);
			name = Products;
			sourceTree = "<group>";
		};
		1A49FE782BEBFCD700C57256 /* Unsplash photos */ = {
			isa = PBXGroup;
			children = (
				1A49FEC02BED224500C57256 /* App */,
				1A49FE992BEC47DC00C57256 /* Models */,
				1A49FEBD2BED171600C57256 /* ViewModel */,
				1A49FE9B2BEC481700C57256 /* Views */,
				1A49FE9C2BEC484100C57256 /* Networking */,
				1A49FEA22BEC490700C57256 /* Utility */,
				1A49FEC12BED227000C57256 /* Supporting */,
			);
			path = "Unsplash photos";
			sourceTree = "<group>";
		};
		1A49FE992BEC47DC00C57256 /* Models */ = {
			isa = PBXGroup;
			children = (
				1A49FE8F2BEC010E00C57256 /* ImageDescription.swift */,
				1A49FEB72BECFE6600C57256 /* ImageModel.swift */,
				1A49FEA72BEC525A00C57256 /* UnsplashResponse.swift */,
				1A49FEBE2BED201400C57256 /* ImageItem.swift */,
			);
			path = Models;
			sourceTree = "<group>";
		};
		1A49FE9B2BEC481700C57256 /* Views */ = {
			isa = PBXGroup;
			children = (
				1A49FE952BEC022900C57256 /* FullScreenImageViewController.swift */,
				1A49FE7D2BEBFCD700C57256 /* PhotoGalleryViewController.swift */,
				1A49FE932BEC013600C57256 /* ImageCell.swift */,
			);
			path = Views;
			sourceTree = "<group>";
		};
		1A49FE9C2BEC484100C57256 /* Networking */ = {
			isa = PBXGroup;
			children = (
				1A49FE9D2BEC484A00C57256 /* PhotoAPIManager.swift */,
				1A49FEA02BEC48F700C57256 /* APIService.swift */,
			);
			path = Networking;
			sourceTree = "<group>";
		};
		1A49FEA22BEC490700C57256 /* Utility */ = {
			isa = PBXGroup;
			children = (
				1A49FEA32BEC491800C57256 /* UIImageView.swift */,
				1A49FEBB2BED003600C57256 /* SwipeGestureHandler.swift */,
			);
			path = Utility;
			sourceTree = "<group>";
		};
		1A49FEBD2BED171600C57256 /* ViewModel */ = {
			isa = PBXGroup;
			children = (
				1A49FEA52BEC4DB800C57256 /* ImageViewModel.swift */,
				1A49FEB92BECFFDC00C57256 /* FullScreenImageViewModel.swift */,
				1A49FEB52BECFC7900C57256 /* PhotoGalleryViewModel.swift */,
			);
			path = ViewModel;
			sourceTree = "<group>";
		};
		1A49FEC02BED224500C57256 /* App */ = {
			isa = PBXGroup;
			children = (
				1A49FE7B2BEBFCD700C57256 /* SceneDelegate.swift */,
				1A49FE792BEBFCD700C57256 /* AppDelegate.swift */,
			);
			path = App;
			sourceTree = "<group>";
		};
		1A49FEC12BED227000C57256 /* Supporting */ = {
			isa = PBXGroup;
			children = (
				1A49FE822BEBFCDB00C57256 /* Assets.xcassets */,
				1A49FE842BEBFCDB00C57256 /* LaunchScreen.storyboard */,
				1A49FE872BEBFCDB00C57256 /* Info.plist */,
			);
			path = Supporting;
			sourceTree = "<group>";
		};
/* End PBXGroup section */

/* Begin PBXNativeTarget section */
		1A49FE752BEBFCD700C57256 /* Unsplash photos */ = {
			isa = PBXNativeTarget;
			buildConfigurationList = 1A49FE8A2BEBFCDB00C57256 /* Build configuration list for PBXNativeTarget "Unsplash photos" */;
			buildPhases = (
				1A49FE722BEBFCD700C57256 /* Sources */,
				1A49FE732BEBFCD700C57256 /* Frameworks */,
				1A49FE742BEBFCD700C57256 /* Resources */,
			);
			buildRules = (
			);
			dependencies = (
			);
			name = "Unsplash photos";
			productName = "Unsplash photos";
			productReference = 1A49FE762BEBFCD700C57256 /* Unsplash photos.app */;
			productType = "com.apple.product-type.application";
		};
/* End PBXNativeTarget section */

/* Begin PBXProject section */
		1A49FE6E2BEBFCD700C57256 /* Project object */ = {
			isa = PBXProject;
			attributes = {
				BuildIndependentTargetsInParallel = 1;
				LastSwiftUpdateCheck = 1530;
				LastUpgradeCheck = 1530;
				TargetAttributes = {
					1A49FE752BEBFCD700C57256 = {
						CreatedOnToolsVersion = 15.3;
					};
				};
			};
			buildConfigurationList = 1A49FE712BEBFCD700C57256 /* Build configuration list for PBXProject "Unsplash photos" */;
			compatibilityVersion = "Xcode 14.0";
			developmentRegion = en;
			hasScannedForEncodings = 0;
			knownRegions = (
				en,
				Base,
			);
			mainGroup = 1A49FE6D2BEBFCD700C57256;
			productRefGroup = 1A49FE772BEBFCD700C57256 /* Products */;
			projectDirPath = "";
			projectRoot = "";
			targets = (
				1A49FE752BEBFCD700C57256 /* Unsplash photos */,
			);
		};
/* End PBXProject section */

/* Begin PBXResourcesBuildPhase section */
		1A49FE742BEBFCD700C57256 /* Resources */ = {
			isa = PBXResourcesBuildPhase;
			buildActionMask = 2147483647;
			files = (
				1A49FE832BEBFCDB00C57256 /* Assets.xcassets in Resources */,
				1A49FE862BEBFCDB00C57256 /* Base in Resources */,
			);
			runOnlyForDeploymentPostprocessing = 0;
		};
/* End PBXResourcesBuildPhase section */

/* Begin PBXSourcesBuildPhase section */
		1A49FE722BEBFCD700C57256 /* Sources */ = {
			isa = PBXSourcesBuildPhase;
			buildActionMask = 2147483647;
			files = (
				1A49FEA82BEC525A00C57256 /* UnsplashResponse.swift in Sources */,
				1A49FE902BEC010E00C57256 /* ImageDescription.swift in Sources */,
				1A49FE942BEC013600C57256 /* ImageCell.swift in Sources */,
				1A49FE7E2BEBFCD700C57256 /* PhotoGalleryViewController.swift in Sources */,
				1A49FEB62BECFC7900C57256 /* PhotoGalleryViewModel.swift in Sources */,
				1A49FEA42BEC491800C57256 /* UIImageView.swift in Sources */,
				1A49FE962BEC022900C57256 /* FullScreenImageViewController.swift in Sources */,
				1A49FEA12BEC48F700C57256 /* APIService.swift in Sources */,
				1A49FEA62BEC4DB800C57256 /* ImageViewModel.swift in Sources */,
				1A49FEBA2BECFFDC00C57256 /* FullScreenImageViewModel.swift in Sources */,
				1A49FE7A2BEBFCD700C57256 /* AppDelegate.swift in Sources */,
				1A49FEBC2BED003600C57256 /* SwipeGestureHandler.swift in Sources */,
				1A49FEBF2BED201400C57256 /* ImageItem.swift in Sources */,
				1A49FE7C2BEBFCD700C57256 /* SceneDelegate.swift in Sources */,
				1A49FEB82BECFE6600C57256 /* ImageModel.swift in Sources */,
				1A49FE9E2BEC484A00C57256 /* PhotoAPIManager.swift in Sources */,
			);
			runOnlyForDeploymentPostprocessing = 0;
		};
/* End PBXSourcesBuildPhase section */

/* Begin PBXVariantGroup section */
		1A49FE842BEBFCDB00C57256 /* LaunchScreen.storyboard */ = {
			isa = PBXVariantGroup;
			children = (
				1A49FE852BEBFCDB00C57256 /* Base */,
			);
			name = LaunchScreen.storyboard;
			sourceTree = "<group>";
		};
/* End PBXVariantGroup section */

/* Begin XCBuildConfiguration section */
		1A49FE882BEBFCDB00C57256 /* Debug */ = {
			isa = XCBuildConfiguration;
			buildSettings = {
				ALWAYS_SEARCH_USER_PATHS = NO;
				ASSETCATALOG_COMPILER_GENERATE_SWIFT_ASSET_SYMBOL_EXTENSIONS = YES;
				CLANG_ANALYZER_NONNULL = YES;
				CLANG_ANALYZER_NUMBER_OBJECT_CONVERSION = YES_AGGRESSIVE;
				CLANG_CXX_LANGUAGE_STANDARD = "gnu++20";
				CLANG_ENABLE_MODULES = YES;
				CLANG_ENABLE_OBJC_ARC = YES;
				CLANG_ENABLE_OBJC_WEAK = YES;
				CLANG_WARN_BLOCK_CAPTURE_AUTORELEASING = YES;
				CLANG_WARN_BOOL_CONVERSION = YES;
				CLANG_WARN_COMMA = YES;
				CLANG_WARN_CONSTANT_CONVERSION = YES;
				CLANG_WARN_DEPRECATED_OBJC_IMPLEMENTATIONS = YES;
				CLANG_WARN_DIRECT_OBJC_ISA_USAGE = YES_ERROR;
				CLANG_WARN_DOCUMENTATION_COMMENTS = YES;
				CLANG_WARN_EMPTY_BODY = YES;
				CLANG_WARN_ENUM_CONVERSION = YES;
				CLANG_WARN_INFINITE_RECURSION = YES;
				CLANG_WARN_INT_CONVERSION = YES;
				CLANG_WARN_NON_LITERAL_NULL_CONVERSION = YES;
				CLANG_WARN_OBJC_IMPLICIT_RETAIN_SELF = YES;
				CLANG_WARN_OBJC_LITERAL_CONVERSION = YES;
				CLANG_WARN_OBJC_ROOT_CLASS = YES_ERROR;
				CLANG_WARN_QUOTED_INCLUDE_IN_FRAMEWORK_HEADER = YES;
				CLANG_WARN_RANGE_LOOP_ANALYSIS = YES;
				CLANG_WARN_STRICT_PROTOTYPES = YES;
				CLANG_WARN_SUSPICIOUS_MOVE = YES;
				CLANG_WARN_UNGUARDED_AVAILABILITY = YES_AGGRESSIVE;
				CLANG_WARN_UNREACHABLE_CODE = YES;
				CLANG_WARN__DUPLICATE_METHOD_MATCH = YES;
				COPY_PHASE_STRIP = NO;
				DEBUG_INFORMATION_FORMAT = dwarf;
				ENABLE_STRICT_OBJC_MSGSEND = YES;
				ENABLE_TESTABILITY = YES;
				ENABLE_USER_SCRIPT_SANDBOXING = YES;
				GCC_C_LANGUAGE_STANDARD = gnu17;
				GCC_DYNAMIC_NO_PIC = NO;
				GCC_NO_COMMON_BLOCKS = YES;
				GCC_OPTIMIZATION_LEVEL = 0;
				GCC_PREPROCESSOR_DEFINITIONS = (
					"DEBUG=1",
					"$(inherited)",
				);
				GCC_WARN_64_TO_32_BIT_CONVERSION = YES;
				GCC_WARN_ABOUT_RETURN_TYPE = YES_ERROR;
				GCC_WARN_UNDECLARED_SELECTOR = YES;
				GCC_WARN_UNINITIALIZED_AUTOS = YES_AGGRESSIVE;
				GCC_WARN_UNUSED_FUNCTION = YES;
				GCC_WARN_UNUSED_VARIABLE = YES;
				IPHONEOS_DEPLOYMENT_TARGET = 17.4;
				LOCALIZATION_PREFERS_STRING_CATALOGS = YES;
				MTL_ENABLE_DEBUG_INFO = INCLUDE_SOURCE;
				MTL_FAST_MATH = YES;
				ONLY_ACTIVE_ARCH = YES;
				SDKROOT = iphoneos;
				SWIFT_ACTIVE_COMPILATION_CONDITIONS = "DEBUG $(inherited)";
				SWIFT_OPTIMIZATION_LEVEL = "-Onone";
			};
			name = Debug;
		};
		1A49FE892BEBFCDB00C57256 /* Release */ = {
			isa = XCBuildConfiguration;
			buildSettings = {
				ALWAYS_SEARCH_USER_PATHS = NO;
				ASSETCATALOG_COMPILER_GENERATE_SWIFT_ASSET_SYMBOL_EXTENSIONS = YES;
				CLANG_ANALYZER_NONNULL = YES;
				CLANG_ANALYZER_NUMBER_OBJECT_CONVERSION = YES_AGGRESSIVE;
				CLANG_CXX_LANGUAGE_STANDARD = "gnu++20";
				CLANG_ENABLE_MODULES = YES;
				CLANG_ENABLE_OBJC_ARC = YES;
				CLANG_ENABLE_OBJC_WEAK = YES;
				CLANG_WARN_BLOCK_CAPTURE_AUTORELEASING = YES;
				CLANG_WARN_BOOL_CONVERSION = YES;
				CLANG_WARN_COMMA = YES;
				CLANG_WARN_CONSTANT_CONVERSION = YES;
				CLANG_WARN_DEPRECATED_OBJC_IMPLEMENTATIONS = YES;
				CLANG_WARN_DIRECT_OBJC_ISA_USAGE = YES_ERROR;
				CLANG_WARN_DOCUMENTATION_COMMENTS = YES;
				CLANG_WARN_EMPTY_BODY = YES;
				CLANG_WARN_ENUM_CONVERSION = YES;
				CLANG_WARN_INFINITE_RECURSION = YES;
				CLANG_WARN_INT_CONVERSION = YES;
				CLANG_WARN_NON_LITERAL_NULL_CONVERSION = YES;
				CLANG_WARN_OBJC_IMPLICIT_RETAIN_SELF = YES;
				CLANG_WARN_OBJC_LITERAL_CONVERSION = YES;
				CLANG_WARN_OBJC_ROOT_CLASS = YES_ERROR;
				CLANG_WARN_QUOTED_INCLUDE_IN_FRAMEWORK_HEADER = YES;
				CLANG_WARN_RANGE_LOOP_ANALYSIS = YES;
				CLANG_WARN_STRICT_PROTOTYPES = YES;
				CLANG_WARN_SUSPICIOUS_MOVE = YES;
				CLANG_WARN_UNGUARDED_AVAILABILITY = YES_AGGRESSIVE;
				CLANG_WARN_UNREACHABLE_CODE = YES;
				CLANG_WARN__DUPLICATE_METHOD_MATCH = YES;
				COPY_PHASE_STRIP = NO;
				DEBUG_INFORMATION_FORMAT = "dwarf-with-dsym";
				ENABLE_NS_ASSERTIONS = NO;
				ENABLE_STRICT_OBJC_MSGSEND = YES;
				ENABLE_USER_SCRIPT_SANDBOXING = YES;
				GCC_C_LANGUAGE_STANDARD = gnu17;
				GCC_NO_COMMON_BLOCKS = YES;
				GCC_WARN_64_TO_32_BIT_CONVERSION = YES;
				GCC_WARN_ABOUT_RETURN_TYPE = YES_ERROR;
				GCC_WARN_UNDECLARED_SELECTOR = YES;
				GCC_WARN_UNINITIALIZED_AUTOS = YES_AGGRESSIVE;
				GCC_WARN_UNUSED_FUNCTION = YES;
				GCC_WARN_UNUSED_VARIABLE = YES;
				IPHONEOS_DEPLOYMENT_TARGET = 17.4;
				LOCALIZATION_PREFERS_STRING_CATALOGS = YES;
				MTL_ENABLE_DEBUG_INFO = NO;
				MTL_FAST_MATH = YES;
				SDKROOT = iphoneos;
				SWIFT_COMPILATION_MODE = wholemodule;
				VALIDATE_PRODUCT = YES;
			};
			name = Release;
		};
		1A49FE8B2BEBFCDB00C57256 /* Debug */ = {
			isa = XCBuildConfiguration;
			buildSettings = {
				ASSETCATALOG_COMPILER_APPICON_NAME = AppIcon;
				ASSETCATALOG_COMPILER_GLOBAL_ACCENT_COLOR_NAME = AccentColor;
				CODE_SIGN_STYLE = Automatic;
				CURRENT_PROJECT_VERSION = 1;
				DEVELOPMENT_TEAM = Q2N9JMQ98Q;
				GENERATE_INFOPLIST_FILE = YES;
				INFOPLIST_FILE = "Unsplash photos/Supporting/Info.plist";
				INFOPLIST_KEY_UIApplicationSupportsIndirectInputEvents = YES;
				INFOPLIST_KEY_UILaunchStoryboardName = LaunchScreen;
				INFOPLIST_KEY_UISupportedInterfaceOrientations_iPad = "UIInterfaceOrientationPortrait UIInterfaceOrientationPortraitUpsideDown UIInterfaceOrientationLandscapeLeft UIInterfaceOrientationLandscapeRight";
				INFOPLIST_KEY_UISupportedInterfaceOrientations_iPhone = "UIInterfaceOrientationPortrait UIInterfaceOrientationLandscapeLeft UIInterfaceOrientationLandscapeRight";
				LD_RUNPATH_SEARCH_PATHS = (
					"$(inherited)",
					"@executable_path/Frameworks",
				);
				MARKETING_VERSION = 1.0;
				PRODUCT_BUNDLE_IDENTIFIER = "-.Unsplash-photos";
				PRODUCT_NAME = "$(TARGET_NAME)";
				SWIFT_EMIT_LOC_STRINGS = YES;
				SWIFT_VERSION = 5.0;
				TARGETED_DEVICE_FAMILY = "1,2";
			};
			name = Debug;
		};
		1A49FE8C2BEBFCDB00C57256 /* Release */ = {
			isa = XCBuildConfiguration;
			buildSettings = {
				ASSETCATALOG_COMPILER_APPICON_NAME = AppIcon;
				ASSETCATALOG_COMPILER_GLOBAL_ACCENT_COLOR_NAME = AccentColor;
				CODE_SIGN_STYLE = Automatic;
				CURRENT_PROJECT_VERSION = 1;
				DEVELOPMENT_TEAM = Q2N9JMQ98Q;
				GENERATE_INFOPLIST_FILE = YES;
				INFOPLIST_FILE = "Unsplash photos/Supporting/Info.plist";
				INFOPLIST_KEY_UIApplicationSupportsIndirectInputEvents = YES;
				INFOPLIST_KEY_UILaunchStoryboardName = LaunchScreen;
				INFOPLIST_KEY_UISupportedInterfaceOrientations_iPad = "UIInterfaceOrientationPortrait UIInterfaceOrientationPortraitUpsideDown UIInterfaceOrientationLandscapeLeft UIInterfaceOrientationLandscapeRight";
				INFOPLIST_KEY_UISupportedInterfaceOrientations_iPhone = "UIInterfaceOrientationPortrait UIInterfaceOrientationLandscapeLeft UIInterfaceOrientationLandscapeRight";
				LD_RUNPATH_SEARCH_PATHS = (
					"$(inherited)",
					"@executable_path/Frameworks",
				);
				MARKETING_VERSION = 1.0;
				PRODUCT_BUNDLE_IDENTIFIER = "-.Unsplash-photos";
				PRODUCT_NAME = "$(TARGET_NAME)";
				SWIFT_EMIT_LOC_STRINGS = YES;
				SWIFT_VERSION = 5.0;
				TARGETED_DEVICE_FAMILY = "1,2";
			};
			name = Release;
		};
/* End XCBuildConfiguration section */

/* Begin XCConfigurationList section */
		1A49FE712BEBFCD700C57256 /* Build configuration list for PBXProject "Unsplash photos" */ = {
			isa = XCConfigurationList;
			buildConfigurations = (
				1A49FE882BEBFCDB00C57256 /* Debug */,
				1A49FE892BEBFCDB00C57256 /* Release */,
			);
			defaultConfigurationIsVisible = 0;
			defaultConfigurationName = Release;
		};
		1A49FE8A2BEBFCDB00C57256 /* Build configuration list for PBXNativeTarget "Unsplash photos" */ = {
			isa = XCConfigurationList;
			buildConfigurations = (
				1A49FE8B2BEBFCDB00C57256 /* Debug */,
				1A49FE8C2BEBFCDB00C57256 /* Release */,
			);
			defaultConfigurationIsVisible = 0;
			defaultConfigurationName = Release;
		};
/* End XCConfigurationList section */
	};
	rootObject = 1A49FE6E2BEBFCD700C57256 /* Project object */;
}
